
Microsoft Visual Studio Solution File, Format Version 12.00
# Visual Studio Version 16
VisualStudioVersion = 16.0.30907.101
MinimumVisualStudioVersion = 10.0.40219.1
Project("{FAE04EC0-301F-11D3-BF4B-00C04F79EFBC}") = "LojaVirtual.Web", "LojaVirtual.Web\LojaVirtual.Web.csproj", "{D9DF1512-4FD2-4437-A9E8-7F12775D733E}"
EndProject
Project("{FAE04EC0-301F-11D3-BF4B-00C04F79EFBC}") = "LojaVirtual.UnitTest", "LojaVirtual.UnitTest\LojaVirtual.UnitTest.csproj", "{3690065F-6C3F-4BF7-8084-A4FF83B7A650}"
EndProject
Project("{FAE04EC0-301F-11D3-BF4B-00C04F79EFBC}") = "LojaVirtual.Dominio", "LojaVirtual.Dominio\LojaVirtual.Dominio.csproj", "{3AB67DBA-2907-493A-A836-80EF722ACEA7}"
EndProject
Global
	GlobalSection(SolutionConfigurationPlatforms) = preSolution
		Debug|Any CPU = Debug|Any CPU
		Release|Any CPU = Release|Any CPU
	EndGlobalSection
	GlobalSection(ProjectConfigurationPlatforms) = postSolution
		{D9DF1512-4FD2-4437-A9E8-7F12775D733E}.Debug|Any CPU.ActiveCfg = Debug|Any CPU
		{D9DF1512-4FD2-4437-A9E8-7F12775D733E}.Debug|Any CPU.Build.0 = Debug|Any CPU
		{D9DF1512-4FD2-4437-A9E8-7F12775D733E}.Release|Any CPU.ActiveCfg = Release|Any CPU
		{D9DF1512-4FD2-4437-A9E8-7F12775D733E}.Release|Any CPU.Build.0 = Release|Any CPU
		{3690065F-6C3F-4BF7-8084-A4FF83B7A650}.Debug|Any CPU.ActiveCfg = Debug|Any CPU
		{3690065F-6C3F-4BF7-8084-A4FF83B7A650}.Debug|Any CPU.Build.0 = Debug|Any CPU
		{3690065F-6C3F-4BF7-8084-A4FF83B7A650}.Release|Any CPU.ActiveCfg = Release|Any CPU
		{3690065F-6C3F-4BF7-8084-A4FF83B7A650}.Release|Any CPU.Build.0 = Release|Any CPU
		{3AB67DBA-2907-493A-A836-80EF722ACEA7}.Debug|Any CPU.ActiveCfg = Debug|Any CPU
		{3AB67DBA-2907-493A-A836-80EF722ACEA7}.Debug|Any CPU.Build.0 = Debug|Any CPU
		{3AB67DBA-2907-493A-A836-80EF722ACEA7}.Release|Any CPU.ActiveCfg = Release|Any CPU
		{3AB67DBA-2907-493A-A836-80EF722ACEA7}.Release|Any CPU.Build.0 = Release|Any CPU
	EndGlobalSection
	GlobalSection(SolutionProperties) = preSolution
		HideSolutionNode = FALSE
	EndGlobalSection
	GlobalSection(ExtensibilityGlobals) = postSolution
		SolutionGuid = {37342FDF-B3DB-4AF9-ADC4-CD6E25E17363}
	EndGlobalSection
EndGlobal
